
Microsoft Visual Studio Solution File, Format Version 12.00
# Visual Studio Version 16
VisualStudioVersion = 16.0.31729.503
MinimumVisualStudioVersion = 10.0.40219.1
Project("{FAE04EC0-301F-11D3-BF4B-00C04F79EFBC}") = "Project_202033016", "Project_202033016\Project_202033016.csproj", "{373B67D1-6BDD-465B-93E9-AC2B90BF38C9}"
EndProject
Global
	GlobalSection(SolutionConfigurationPlatforms) = preSolution
		Debug|Any CPU = Debug|Any CPU
		Release|Any CPU = Release|Any CPU
	EndGlobalSection
	GlobalSection(ProjectConfigurationPlatforms) = postSolution
		{373B67D1-6BDD-465B-93E9-AC2B90BF38C9}.Debug|Any CPU.ActiveCfg = Debug|Any CPU
		{373B67D1-6BDD-465B-93E9-AC2B90BF38C9}.Debug|Any CPU.Build.0 = Debug|Any CPU
		{373B67D1-6BDD-465B-93E9-AC2B90BF38C9}.Release|Any CPU.ActiveCfg = Release|Any CPU
		{373B67D1-6BDD-465B-93E9-AC2B90BF38C9}.Release|Any CPU.Build.0 = Release|Any CPU
	EndGlobalSection
	GlobalSection(SolutionProperties) = preSolution
		HideSolutionNode = FALSE
	EndGlobalSection
	GlobalSection(ExtensibilityGlobals) = postSolution
		SolutionGuid = {95C37271-90C9-4AE4-8B7D-02B5A92C7594}
	EndGlobalSection
EndGlobal
